
Microsoft Visual Studio Solution File, Format Version 12.00
# Visual Studio Version 17
VisualStudioVersion = 17.11.35327.3
MinimumVisualStudioVersion = 10.0.40219.1
Project("{FAE04EC0-301F-11D3-BF4B-00C04F79EFBC}") = "client", "client.csproj", "{873CE57F-E389-400E-B04C-ED8E6EFD0716}"
EndProject
Global
	GlobalSection(SolutionConfigurationPlatforms) = preSolution
		Debug|Any CPU = Debug|Any CPU
		Release|Any CPU = Release|Any CPU
	EndGlobalSection
	GlobalSection(ProjectConfigurationPlatforms) = postSolution
		{873CE57F-E389-400E-B04C-ED8E6EFD0716}.Debug|Any CPU.ActiveCfg = Debug|Any CPU
		{873CE57F-E389-400E-B04C-ED8E6EFD0716}.Debug|Any CPU.Build.0 = Debug|Any CPU
		{873CE57F-E389-400E-B04C-ED8E6EFD0716}.Release|Any CPU.ActiveCfg = Release|Any CPU
		{873CE57F-E389-400E-B04C-ED8E6EFD0716}.Release|Any CPU.Build.0 = Release|Any CPU
	EndGlobalSection
	GlobalSection(SolutionProperties) = preSolution
		HideSolutionNode = FALSE
	EndGlobalSection
	GlobalSection(ExtensibilityGlobals) = postSolution
		SolutionGuid = {1112F250-4612-4A6B-A78D-9719F7AC13FD}
	EndGlobalSection
EndGlobal
